{
    "_meta": {
        "hash": {
            "sha256": "a4fdb3b351f70e61bfb165b656447584f7273a3442c5e46006c28dbd042198c6"
        },
        "pipfile-spec": 6,
        "requires": {
            "python_version": "3.8"
        },
        "sources": [
            {
                "name": "pypi",
                "url": "https://pypi.org/simple",
                "verify_ssl": true
            }
        ]
    },
    "default": {
        "numpy": {
            "hashes": [
                "sha256:003a9f530e880cb2cd177cba1af7220b9aa42def9c4afc2a2fc3ee6be7eb2b22",
                "sha256:150947adbdfeceec4e5926d956a06865c1c690f2fd902efede4ca6fe2e657c3f",
                "sha256:2620e8592136e073bd12ee4536149380695fbe9ebeae845b81237f986479ffc9",
                "sha256:2eabd64ddb96a1239791da78fa5f4e1693ae2dadc82a76bc76a14cbb2b966e96",
                "sha256:4173bde9fa2a005c2c6e2ea8ac1618e2ed2c1c6ec8a7657237854d42094123a0",
                "sha256:4199e7cfc307a778f72d293372736223e39ec9ac096ff0a2e64853b866a8e18a",
                "sha256:4cecaed30dc14123020f77b03601559fff3e6cd0c048f8b5289f4eeabb0eb281",
                "sha256:557d42778a6869c2162deb40ad82612645e21d79e11c1dc62c6e82a2220ffb04",
                "sha256:63e45511ee4d9d976637d11e6c9864eae50e12dc9598f531c035265991910468",
                "sha256:6524630f71631be2dabe0c541e7675db82651eb998496bbe16bc4f77f0772253",
                "sha256:76807b4063f0002c8532cfeac47a3068a69561e9c8715efdad3c642eb27c0756",
                "sha256:7de8fdde0003f4294655aa5d5f0a89c26b9f22c0a58790c38fae1ed392d44a5a",
                "sha256:889b2cc88b837d86eda1b17008ebeb679d82875022200c6e8e4ce6cf549b7acb",
                "sha256:92011118955724465fb6853def593cf397b4a1367495e0b59a7e69d40c4eb71d",
                "sha256:97cf27e51fa078078c649a51d7ade3c92d9e709ba2bfb97493007103c741f1d0",
                "sha256:9a23f8440561a633204a67fb44617ce2a299beecf3295f0d13c495518908e910",
                "sha256:a51725a815a6188c662fb66fb32077709a9ca38053f0274640293a14fdd22978",
                "sha256:a77d3e1163a7770164404607b7ba3967fb49b24782a6ef85d9b5f54126cc39e5",
                "sha256:adbdce121896fd3a17a77ab0b0b5eedf05a9834a18699db6829a64e1dfccca7f",
                "sha256:c29e6bd0ec49a44d7690ecb623a8eac5ab8a923bce0bea6293953992edf3a76a",
                "sha256:c72a6b2f4af1adfe193f7beb91ddf708ff867a3f977ef2ec53c0ffb8283ab9f5",
                "sha256:d0a2db9d20117bf523dde15858398e7c0858aadca7c0f088ac0d6edd360e9ad2",
                "sha256:e3ab5d32784e843fc0dd3ab6dcafc67ef806e6b6828dc6af2f689be0eb4d781d",
                "sha256:e428c4fbfa085f947b536706a2fc349245d7baa8334f0c5723c56a10595f9b95",
                "sha256:e8d2859428712785e8a8b7d2b3ef0a1d1565892367b32f915c4a4df44d0e64f5",
                "sha256:eef70b4fc1e872ebddc38cddacc87c19a3709c0e3e5d20bf3954c147b1dd941d",
                "sha256:f64bb98ac59b3ea3bf74b02f13836eb2e24e48e0ab0145bbda646295769bd780",
                "sha256:f9006288bcf4895917d02583cf3411f98631275bc67cce355a7f39f8c14338fa"
            ],
            "index": "pypi",
            "version": "==1.24.2"
        },
        "pyserial": {
            "hashes": [
                "sha256:3c77e014170dfffbd816e6ffc205e9842efb10be9f58ec16d3e8675b4925cddb",
                "sha256:c4451db6ba391ca6ca299fb3ec7bae67a5c55dde170964c7a14ceefec02f2cf0"
            ],
            "index": "pypi",
            "version": "==3.5"
        },
        "pyside2": {
            "hashes": [
                "sha256:235240b6ec8206d9fdf0232472c6ef3241783d480425e5b54796f06e39ed23da",
                "sha256:23886c6391ebd916e835fa1b5ae66938048504fd3a2934ae3189a96cd5ac0b46",
                "sha256:439509e53cfe05abbf9a99422a2cbad086408b0f9bf5e6f642ff1b13b1f8b055",
                "sha256:a9e2e6bbcb5d2ebb421e46e72244a0f4fe0943b2288115f80a863aacc1de1f06",
                "sha256:af6b263fe63ba6dea7eaebae80aa7b291491fe66f4f0057c0aafe780cc83da9d",
                "sha256:b5e1d92f26b0bbaefff67727ccbb2e1b577f2c0164b349b3d6e80febb4c5bde2"
            ],
            "index": "pypi",
            "version": "==5.15.2.1"
        },
        "shiboken2": {
            "hashes": [
                "sha256:63debfcc531b6a2b4985aa9b71433d2ad3bac542acffc729cc0ecaa3854390c0",
                "sha256:87079c07587859a525b9800d60b1be971338ce9b371d6ead81f15ee5a46d448b",
                "sha256:a0d0fdeb12b72c8af349b9642ccc67afd783dca449309f45e78cda50272fd6b7",
                "sha256:eb0da44b6fa60c6bd317b8f219e500595e94e0322b33ec5b4e9f406bedaee555",
                "sha256:f890f5611ab8f48b88cfecb716da2ac55aef99e2923198cefcf781842888ea65",
                "sha256:ffd3d0ec3d508e592d7ee3885d27fee1f279a49989f734eb130f46d9501273a9"
            ],
            "markers": "python_version >= '2.7' and python_version not in '3.0, 3.1, 3.2, 3.3, 3.4' and python_version < '3.11'",
            "version": "==5.15.2.1"
        }
    },
    "develop": {
        "altgraph": {
            "hashes": [
                "sha256:ad33358114df7c9416cdb8fa1eaa5852166c505118717021c6a8c7c7abbd03dd",
                "sha256:c8ac1ca6772207179ed8003ce7687757c04b0b71536f81e2ac5755c6226458fe"
            ],
            "version": "==0.17.3"
        },
        "pip-licenses": {
            "hashes": [
                "sha256:0aef43fa605aaed17342f74c325b5b1a15be034c9b12bcc97ff290de1a8bc0af",
                "sha256:6905abcc8b3ca45548a7a33b24abbee0e7a6eb451463acc676eaa879f1130598"
            ],
            "index": "pypi",
            "version": "==4.1.0"
        },
        "prettytable": {
            "hashes": [
                "sha256:2e0026af955b4ea67b22122f310b90eae890738c08cb0458693a49b6221530ac",
                "sha256:3b767129491767a3a5108e6f305cbaa650f8020a7db5dfe994a2df7ef7bad0fe"
            ],
            "markers": "python_version >= '3.7'",
            "version": "==3.6.0"
        },
        "pyinstaller": {
            "hashes": [
                "sha256:12ca6567be457826e14416637ea54485a185d0ce7a5a044df0d0daf588fff6d1",
                "sha256:2ba42038b3bd83e1fba7c8eb9e7cde43bd5938e37ca542c89e8779355d213f52",
                "sha256:2bde16a8d664e8eba9aa7b84f729f7ab005c1793be4fe1986b3c9cad6c486622",
                "sha256:3b2c34c3c3ddf38f68d9f5afbed82abe0f89d53014c56892326fef10172ee652",
                "sha256:4b21b0298db44f5f07fc04d8ff81ec31efa47b72798efaecc4e811c50a102111",
                "sha256:6cf6c032c72ef78fd9aa5e47d8952e784db45b2c3f7862bd44a99df68c216f64",
                "sha256:8476538aec8a0a3be4f74b93388bd6989b91cc437ff86d6f0d3a68961176dce6",
                "sha256:93d7e8443a6b60745d42aa50f08730f6b419410832b4c616c4f1bb315f087661",
                "sha256:c7dd156c2438f197c168b990bbce03c97d3fb758dd9bbc3ca93626c2f4473a47",
                "sha256:d1ff94347183ae3755cfb8f02e64744eb7fe384469bd61e453c6ff59a81665d6",
                "sha256:dcd348b174fd72c4df271790ac582969c9423cb099fe92db9ec131a8a9243d5a",
                "sha256:e7a4c292810285c2466f3bdcb1e03ba2170177ebe3d7054ff1af3bb348bf61a4"
            ],
            "index": "pypi",
            "version": "==5.9.0"
        },
        "pyinstaller-hooks-contrib": {
            "hashes": [
                "sha256:ab56c192e7cd4472ff6b840cda4fc42bceccc7fb4234f064fc834a3248c0afdd",
                "sha256:d2ea40a7105651aa525bfe5fe309aa264d4d9bb49f839b862243dcf0a56c34cd"
            ],
            "markers": "python_version >= '3.7'",
            "version": "==2023.1"
        },
        "setuptools": {
            "hashes": [
                "sha256:2ee892cd5f29f3373097f5a814697e397cf3ce313616df0af11231e2ad118077",
                "sha256:b78aaa36f6b90a074c1fa651168723acbf45d14cb1196b6f02c0fd07f17623b2"
            ],
            "markers": "python_version >= '3.7'",
            "version": "==67.6.0"
        },
        "wcwidth": {
            "hashes": [
                "sha256:795b138f6875577cd91bba52baf9e445cd5118fd32723b460e30a0af30ea230e",
                "sha256:a5220780a404dbe3353789870978e472cfe477761f06ee55077256e509b156d0"
            ],
            "version": "==0.2.6"
        }
    }
}
